// !$*UTF8*$!
{
	archiveVersion = 1;
	classes = {
	};
	objectVersion = 46;
	objects = {

/* Begin PBXBuildFile section */
		84ED5621196EBE3000945B91 /* Foundation.framework in Frameworks */ = {isa = PBXBuildFile; fileRef = 84ED5620196EBE3000945B91 /* Foundation.framework */; };
		84ED5623196EBE3000945B91 /* CoreGraphics.framework in Frameworks */ = {isa = PBXBuildFile; fileRef = 84ED5622196EBE3000945B91 /* CoreGraphics.framework */; };
		84ED5625196EBE3000945B91 /* UIKit.framework in Frameworks */ = {isa = PBXBuildFile; fileRef = 84ED5624196EBE3000945B91 /* UIKit.framework */; };
		84ED562B196EBE3000945B91 /* InfoPlist.strings in Resources */ = {isa = PBXBuildFile; fileRef = 84ED5629196EBE3000945B91 /* InfoPlist.strings */; };
		84ED562D196EBE3000945B91 /* main.m in Sources */ = {isa = PBXBuildFile; fileRef = 84ED562C196EBE3000945B91 /* main.m */; };
		84ED5631196EBE3000945B91 /* MSAppDelegate.m in Sources */ = {isa = PBXBuildFile; fileRef = 84ED5630196EBE3000945B91 /* MSAppDelegate.m */; };
		84ED5633196EBE3000945B91 /* Images.xcassets in Resources */ = {isa = PBXBuildFile; fileRef = 84ED5632196EBE3000945B91 /* Images.xcassets */; };
		84ED563A196EBE3000945B91 /* XCTest.framework in Frameworks */ = {isa = PBXBuildFile; fileRef = 84ED5639196EBE3000945B91 /* XCTest.framework */; };
		84ED563B196EBE3000945B91 /* Foundation.framework in Frameworks */ = {isa = PBXBuildFile; fileRef = 84ED5620196EBE3000945B91 /* Foundation.framework */; };
		84ED563C196EBE3000945B91 /* UIKit.framework in Frameworks */ = {isa = PBXBuildFile; fileRef = 84ED5624196EBE3000945B91 /* UIKit.framework */; };
		84ED5644196EBE3000945B91 /* InfoPlist.strings in Resources */ = {isa = PBXBuildFile; fileRef = 84ED5642196EBE3000945B91 /* InfoPlist.strings */; };
		84ED5646196EBE3000945B91 /* HomeWorkNumberLesson5Tests.m in Sources */ = {isa = PBXBuildFile; fileRef = 84ED5645196EBE3000945B91 /* HomeWorkNumberLesson5Tests.m */; };
		84ED5651196EBE9100945B91 /* MSHuman.m in Sources */ = {isa = PBXBuildFile; fileRef = 84ED5650196EBE9100945B91 /* MSHuman.m */; };
		84ED5654196EC37100945B91 /* MSCyclist.m in Sources */ = {isa = PBXBuildFile; fileRef = 84ED5653196EC37100945B91 /* MSCyclist.m */; };
		84ED5657196EC39600945B91 /* MSRunner.m in Sources */ = {isa = PBXBuildFile; fileRef = 84ED5656196EC39600945B91 /* MSRunner.m */; };
		84ED565A196EC3B600945B91 /* MSSwimmer.m in Sources */ = {isa = PBXBuildFile; fileRef = 84ED5659196EC3B600945B91 /* MSSwimmer.m */; };
		84ED565D196EE3C200945B91 /* MSStudent.m in Sources */ = {isa = PBXBuildFile; fileRef = 84ED565C196EE3C200945B91 /* MSStudent.m */; };
		84ED566019702CB100945B91 /* MSAnimal.m in Sources */ = {isa = PBXBuildFile; fileRef = 84ED565F19702CB100945B91 /* MSAnimal.m */; };
		84ED5665197038F500945B91 /* MSRabbit.m in Sources */ = {isa = PBXBuildFile; fileRef = 84ED5664197038F500945B91 /* MSRabbit.m */; };
		84ED56681970391C00945B91 /* MSDog.m in Sources */ = {isa = PBXBuildFile; fileRef = 84ED56671970391C00945B91 /* MSDog.m */; };
/* End PBXBuildFile section */

/* Begin PBXContainerItemProxy section */
		84ED563D196EBE3000945B91 /* PBXContainerItemProxy */ = {
			isa = PBXContainerItemProxy;
			containerPortal = 84ED5615196EBE3000945B91 /* Project object */;
			proxyType = 1;
			remoteGlobalIDString = 84ED561C196EBE3000945B91;
			remoteInfo = HomeWorkNumberLesson5;
		};
/* End PBXContainerItemProxy section */

/* Begin PBXFileReference section */
		84ED561D196EBE3000945B91 /* HomeWorkNumberLesson5.app */ = {isa = PBXFileReference; explicitFileType = wrapper.application; includeInIndex = 0; path = HomeWorkNumberLesson5.app; sourceTree = BUILT_PRODUCTS_DIR; };
		84ED5620196EBE3000945B91 /* Foundation.framework */ = {isa = PBXFileReference; lastKnownFileType = wrapper.framework; name = Foundation.framework; path = System/Library/Frameworks/Foundation.framework; sourceTree = SDKROOT; };
		84ED5622196EBE3000945B91 /* CoreGraphics.framework */ = {isa = PBXFileReference; lastKnownFileType = wrapper.framework; name = CoreGraphics.framework; path = System/Library/Frameworks/CoreGraphics.framework; sourceTree = SDKROOT; };
		84ED5624196EBE3000945B91 /* UIKit.framework */ = {isa = PBXFileReference; lastKnownFileType = wrapper.framework; name = UIKit.framework; path = System/Library/Frameworks/UIKit.framework; sourceTree = SDKROOT; };
		84ED5628196EBE3000945B91 /* HomeWorkNumberLesson5-Info.plist */ = {isa = PBXFileReference; lastKnownFileType = text.plist.xml; path = "HomeWorkNumberLesson5-Info.plist"; sourceTree = "<group>"; };
		84ED562A196EBE3000945B91 /* en */ = {isa = PBXFileReference; lastKnownFileType = text.plist.strings; name = en; path = en.lproj/InfoPlist.strings; sourceTree = "<group>"; };
		84ED562C196EBE3000945B91 /* main.m */ = {isa = PBXFileReference; lastKnownFileType = sourcecode.c.objc; path = main.m; sourceTree = "<group>"; };
		84ED562E196EBE3000945B91 /* HomeWorkNumberLesson5-Prefix.pch */ = {isa = PBXFileReference; lastKnownFileType = sourcecode.c.h; path = "HomeWorkNumberLesson5-Prefix.pch"; sourceTree = "<group>"; };
		84ED562F196EBE3000945B91 /* MSAppDelegate.h */ = {isa = PBXFileReference; lastKnownFileType = sourcecode.c.h; path = MSAppDelegate.h; sourceTree = "<group>"; };
		84ED5630196EBE3000945B91 /* MSAppDelegate.m */ = {isa = PBXFileReference; lastKnownFileType = sourcecode.c.objc; path = MSAppDelegate.m; sourceTree = "<group>"; };
		84ED5632196EBE3000945B91 /* Images.xcassets */ = {isa = PBXFileReference; lastKnownFileType = folder.assetcatalog; path = Images.xcassets; sourceTree = "<group>"; };
		84ED5638196EBE3000945B91 /* HomeWorkNumberLesson5Tests.xctest */ = {isa = PBXFileReference; explicitFileType = wrapper.cfbundle; includeInIndex = 0; path = HomeWorkNumberLesson5Tests.xctest; sourceTree = BUILT_PRODUCTS_DIR; };
		84ED5639196EBE3000945B91 /* XCTest.framework */ = {isa = PBXFileReference; lastKnownFileType = wrapper.framework; name = XCTest.framework; path = Library/Frameworks/XCTest.framework; sourceTree = DEVELOPER_DIR; };
		84ED5641196EBE3000945B91 /* HomeWorkNumberLesson5Tests-Info.plist */ = {isa = PBXFileReference; lastKnownFileType = text.plist.xml; path = "HomeWorkNumberLesson5Tests-Info.plist"; sourceTree = "<group>"; };
		84ED5643196EBE3000945B91 /* en */ = {isa = PBXFileReference; lastKnownFileType = text.plist.strings; name = en; path = en.lproj/InfoPlist.strings; sourceTree = "<group>"; };
		84ED5645196EBE3000945B91 /* HomeWorkNumberLesson5Tests.m */ = {isa = PBXFileReference; lastKnownFileType = sourcecode.c.objc; path = HomeWorkNumberLesson5Tests.m; sourceTree = "<group>"; };
		84ED564F196EBE9100945B91 /* MSHuman.h */ = {isa = PBXFileReference; fileEncoding = 4; lastKnownFileType = sourcecode.c.h; path = MSHuman.h; sourceTree = "<group>"; };
		84ED5650196EBE9100945B91 /* MSHuman.m */ = {isa = PBXFileReference; fileEncoding = 4; lastKnownFileType = sourcecode.c.objc; path = MSHuman.m; sourceTree = "<group>"; };
		84ED5652196EC37100945B91 /* MSCyclist.h */ = {isa = PBXFileReference; fileEncoding = 4; lastKnownFileType = sourcecode.c.h; path = MSCyclist.h; sourceTree = "<group>"; };
		84ED5653196EC37100945B91 /* MSCyclist.m */ = {isa = PBXFileReference; fileEncoding = 4; lastKnownFileType = sourcecode.c.objc; path = MSCyclist.m; sourceTree = "<group>"; };
		84ED5655196EC39600945B91 /* MSRunner.h */ = {isa = PBXFileReference; fileEncoding = 4; lastKnownFileType = sourcecode.c.h; path = MSRunner.h; sourceTree = "<group>"; };
		84ED5656196EC39600945B91 /* MSRunner.m */ = {isa = PBXFileReference; fileEncoding = 4; lastKnownFileType = sourcecode.c.objc; path = MSRunner.m; sourceTree = "<group>"; };
		84ED5658196EC3B600945B91 /* MSSwimmer.h */ = {isa = PBXFileReference; fileEncoding = 4; lastKnownFileType = sourcecode.c.h; path = MSSwimmer.h; sourceTree = "<group>"; };
		84ED5659196EC3B600945B91 /* MSSwimmer.m */ = {isa = PBXFileReference; fileEncoding = 4; lastKnownFileType = sourcecode.c.objc; path = MSSwimmer.m; sourceTree = "<group>"; };
		84ED565B196EE3C200945B91 /* MSStudent.h */ = {isa = PBXFileReference; fileEncoding = 4; lastKnownFileType = sourcecode.c.h; path = MSStudent.h; sourceTree = "<group>"; };
		84ED565C196EE3C200945B91 /* MSStudent.m */ = {isa = PBXFileReference; fileEncoding = 4; lastKnownFileType = sourcecode.c.objc; path = MSStudent.m; sourceTree = "<group>"; };
		84ED565E19702CB100945B91 /* MSAnimal.h */ = {isa = PBXFileReference; fileEncoding = 4; lastKnownFileType = sourcecode.c.h; path = MSAnimal.h; sourceTree = "<group>"; };
		84ED565F19702CB100945B91 /* MSAnimal.m */ = {isa = PBXFileReference; fileEncoding = 4; lastKnownFileType = sourcecode.c.objc; path = MSAnimal.m; sourceTree = "<group>"; };
		84ED5663197038F500945B91 /* MSRabbit.h */ = {isa = PBXFileReference; fileEncoding = 4; lastKnownFileType = sourcecode.c.h; path = MSRabbit.h; sourceTree = "<group>"; };
		84ED5664197038F500945B91 /* MSRabbit.m */ = {isa = PBXFileReference; fileEncoding = 4; lastKnownFileType = sourcecode.c.objc; path = MSRabbit.m; sourceTree = "<group>"; };
		84ED56661970391C00945B91 /* MSDog.h */ = {isa = PBXFileReference; fileEncoding = 4; lastKnownFileType = sourcecode.c.h; path = MSDog.h; sourceTree = "<group>"; };
		84ED56671970391C00945B91 /* MSDog.m */ = {isa = PBXFileReference; fileEncoding = 4; lastKnownFileType = sourcecode.c.objc; path = MSDog.m; sourceTree = "<group>"; };
/* End PBXFileReference section */

/* Begin PBXFrameworksBuildPhase section */
		84ED561A196EBE3000945B91 /* Frameworks */ = {
			isa = PBXFrameworksBuildPhase;
			buildActionMask = 2147483647;
			files = (
				84ED5623196EBE3000945B91 /* CoreGraphics.framework in Frameworks */,
				84ED5625196EBE3000945B91 /* UIKit.framework in Frameworks */,
				84ED5621196EBE3000945B91 /* Foundation.framework in Frameworks */,
			);
			runOnlyForDeploymentPostprocessing = 0;
		};
		84ED5635196EBE3000945B91 /* Frameworks */ = {
			isa = PBXFrameworksBuildPhase;
			buildActionMask = 2147483647;
			files = (
				84ED563A196EBE3000945B91 /* XCTest.framework in Frameworks */,
				84ED563C196EBE3000945B91 /* UIKit.framework in Frameworks */,
				84ED563B196EBE3000945B91 /* Foundation.framework in Frameworks */,
			);
			runOnlyForDeploymentPostprocessing = 0;
		};
/* End PBXFrameworksBuildPhase section */

/* Begin PBXGroup section */
		84ED5614196EBE3000945B91 = {
			isa = PBXGroup;
			children = (
				84ED5626196EBE3000945B91 /* HomeWorkNumberLesson5 */,
				84ED563F196EBE3000945B91 /* HomeWorkNumberLesson5Tests */,
				84ED561F196EBE3000945B91 /* Frameworks */,
				84ED561E196EBE3000945B91 /* Products */,
			);
			sourceTree = "<group>";
		};
		84ED561E196EBE3000945B91 /* Products */ = {
			isa = PBXGroup;
			children = (
				84ED561D196EBE3000945B91 /* HomeWorkNumberLesson5.app */,
				84ED5638196EBE3000945B91 /* HomeWorkNumberLesson5Tests.xctest */,
			);
			name = Products;
			sourceTree = "<group>";
		};
		84ED561F196EBE3000945B91 /* Frameworks */ = {
			isa = PBXGroup;
			children = (
				84ED5620196EBE3000945B91 /* Foundation.framework */,
				84ED5622196EBE3000945B91 /* CoreGraphics.framework */,
				84ED5624196EBE3000945B91 /* UIKit.framework */,
				84ED5639196EBE3000945B91 /* XCTest.framework */,
			);
			name = Frameworks;
			sourceTree = "<group>";
		};
		84ED5626196EBE3000945B91 /* HomeWorkNumberLesson5 */ = {
			isa = PBXGroup;
			children = (
				84ED566119702CC000945B91 /* Humans */,
				84ED566219702FB300945B91 /* Animals */,
				84ED562F196EBE3000945B91 /* MSAppDelegate.h */,
				84ED5630196EBE3000945B91 /* MSAppDelegate.m */,
				84ED5632196EBE3000945B91 /* Images.xcassets */,
				84ED5627196EBE3000945B91 /* Supporting Files */,
			);
			path = HomeWorkNumberLesson5;
			sourceTree = "<group>";
		};
		84ED5627196EBE3000945B91 /* Supporting Files */ = {
			isa = PBXGroup;
			children = (
				84ED5628196EBE3000945B91 /* HomeWorkNumberLesson5-Info.plist */,
				84ED5629196EBE3000945B91 /* InfoPlist.strings */,
				84ED562C196EBE3000945B91 /* main.m */,
				84ED562E196EBE3000945B91 /* HomeWorkNumberLesson5-Prefix.pch */,
			);
			name = "Supporting Files";
			sourceTree = "<group>";
		};
		84ED563F196EBE3000945B91 /* HomeWorkNumberLesson5Tests */ = {
			isa = PBXGroup;
			children = (
				84ED5645196EBE3000945B91 /* HomeWorkNumberLesson5Tests.m */,
				84ED5640196EBE3000945B91 /* Supporting Files */,
			);
			path = HomeWorkNumberLesson5Tests;
			sourceTree = "<group>";
		};
		84ED5640196EBE3000945B91 /* Supporting Files */ = {
			isa = PBXGroup;
			children = (
				84ED5641196EBE3000945B91 /* HomeWorkNumberLesson5Tests-Info.plist */,
				84ED5642196EBE3000945B91 /* InfoPlist.strings */,
			);
			name = "Supporting Files";
			sourceTree = "<group>";
		};
		84ED566119702CC000945B91 /* Humans */ = {
			isa = PBXGroup;
			children = (
				84ED564F196EBE9100945B91 /* MSHuman.h */,
				84ED5650196EBE9100945B91 /* MSHuman.m */,
				84ED5652196EC37100945B91 /* MSCyclist.h */,
				84ED5653196EC37100945B91 /* MSCyclist.m */,
				84ED5655196EC39600945B91 /* MSRunner.h */,
				84ED5656196EC39600945B91 /* MSRunner.m */,
				84ED5658196EC3B600945B91 /* MSSwimmer.h */,
				84ED5659196EC3B600945B91 /* MSSwimmer.m */,
				84ED565B196EE3C200945B91 /* MSStudent.h */,
				84ED565C196EE3C200945B91 /* MSStudent.m */,
			);
			name = Humans;
			sourceTree = "<group>";
		};
		84ED566219702FB300945B91 /* Animals */ = {
			isa = PBXGroup;
			children = (
				84ED565E19702CB100945B91 /* MSAnimal.h */,
				84ED565F19702CB100945B91 /* MSAnimal.m */,
				84ED5663197038F500945B91 /* MSRabbit.h */,
				84ED5664197038F500945B91 /* MSRabbit.m */,
				84ED56661970391C00945B91 /* MSDog.h */,
				84ED56671970391C00945B91 /* MSDog.m */,
			);
			name = Animals;
			sourceTree = "<group>";
		};
/* End PBXGroup section */

/* Begin PBXNativeTarget section */
		84ED561C196EBE3000945B91 /* HomeWorkNumberLesson5 */ = {
			isa = PBXNativeTarget;
			buildConfigurationList = 84ED5649196EBE3000945B91 /* Build configuration list for PBXNativeTarget "HomeWorkNumberLesson5" */;
			buildPhases = (
				84ED5619196EBE3000945B91 /* Sources */,
				84ED561A196EBE3000945B91 /* Frameworks */,
				84ED561B196EBE3000945B91 /* Resources */,
			);
			buildRules = (
			);
			dependencies = (
			);
			name = HomeWorkNumberLesson5;
			productName = HomeWorkNumberLesson5;
			productReference = 84ED561D196EBE3000945B91 /* HomeWorkNumberLesson5.app */;
			productType = "com.apple.product-type.application";
		};
		84ED5637196EBE3000945B91 /* HomeWorkNumberLesson5Tests */ = {
			isa = PBXNativeTarget;
			buildConfigurationList = 84ED564C196EBE3000945B91 /* Build configuration list for PBXNativeTarget "HomeWorkNumberLesson5Tests" */;
			buildPhases = (
				84ED5634196EBE3000945B91 /* Sources */,
				84ED5635196EBE3000945B91 /* Frameworks */,
				84ED5636196EBE3000945B91 /* Resources */,
			);
			buildRules = (
			);
			dependencies = (
				84ED563E196EBE3000945B91 /* PBXTargetDependency */,
			);
			name = HomeWorkNumberLesson5Tests;
			productName = HomeWorkNumberLesson5Tests;
			productReference = 84ED5638196EBE3000945B91 /* HomeWorkNumberLesson5Tests.xctest */;
			productType = "com.apple.product-type.bundle.unit-test";
		};
/* End PBXNativeTarget section */

/* Begin PBXProject section */
		84ED5615196EBE3000945B91 /* Project object */ = {
			isa = PBXProject;
			attributes = {
				CLASSPREFIX = MS;
				LastUpgradeCheck = 0510;
				ORGANIZATIONNAME = "Semen Meluzov";
				TargetAttributes = {
					84ED5637196EBE3000945B91 = {
						TestTargetID = 84ED561C196EBE3000945B91;
					};
				};
			};
			buildConfigurationList = 84ED5618196EBE3000945B91 /* Build configuration list for PBXProject "HomeWorkNumberLesson5" */;
			compatibilityVersion = "Xcode 3.2";
			developmentRegion = English;
			hasScannedForEncodings = 0;
			knownRegions = (
				en,
			);
			mainGroup = 84ED5614196EBE3000945B91;
			productRefGroup = 84ED561E196EBE3000945B91 /* Products */;
			projectDirPath = "";
			projectRoot = "";
			targets = (
				84ED561C196EBE3000945B91 /* HomeWorkNumberLesson5 */,
				84ED5637196EBE3000945B91 /* HomeWorkNumberLesson5Tests */,
			);
		};
/* End PBXProject section */

/* Begin PBXResourcesBuildPhase section */
		84ED561B196EBE3000945B91 /* Resources */ = {
			isa = PBXResourcesBuildPhase;
			buildActionMask = 2147483647;
			files = (
				84ED562B196EBE3000945B91 /* InfoPlist.strings in Resources */,
				84ED5633196EBE3000945B91 /* Images.xcassets in Resources */,
			);
			runOnlyForDeploymentPostprocessing = 0;
		};
		84ED5636196EBE3000945B91 /* Resources */ = {
			isa = PBXResourcesBuildPhase;
			buildActionMask = 2147483647;
			files = (
				84ED5644196EBE3000945B91 /* InfoPlist.strings in Resources */,
			);
			runOnlyForDeploymentPostprocessing = 0;
		};
/* End PBXResourcesBuildPhase section */

/* Begin PBXSourcesBuildPhase section */
		84ED5619196EBE3000945B91 /* Sources */ = {
			isa = PBXSourcesBuildPhase;
			buildActionMask = 2147483647;
			files = (
				84ED5657196EC39600945B91 /* MSRunner.m in Sources */,
				84ED5631196EBE3000945B91 /* MSAppDelegate.m in Sources */,
				84ED56681970391C00945B91 /* MSDog.m in Sources */,
				84ED565A196EC3B600945B91 /* MSSwimmer.m in Sources */,
				84ED5654196EC37100945B91 /* MSCyclist.m in Sources */,
				84ED5651196EBE9100945B91 /* MSHuman.m in Sources */,
				84ED565D196EE3C200945B91 /* MSStudent.m in Sources */,
				84ED5665197038F500945B91 /* MSRabbit.m in Sources */,
				84ED562D196EBE3000945B91 /* main.m in Sources */,
				84ED566019702CB100945B91 /* MSAnimal.m in Sources */,
			);
			runOnlyForDeploymentPostprocessing = 0;
		};
		84ED5634196EBE3000945B91 /* Sources */ = {
			isa = PBXSourcesBuildPhase;
			buildActionMask = 2147483647;
			files = (
				84ED5646196EBE3000945B91 /* HomeWorkNumberLesson5Tests.m in Sources */,
			);
			runOnlyForDeploymentPostprocessing = 0;
		};
/* End PBXSourcesBuildPhase section */

/* Begin PBXTargetDependency section */
		84ED563E196EBE3000945B91 /* PBXTargetDependency */ = {
			isa = PBXTargetDependency;
			target = 84ED561C196EBE3000945B91 /* HomeWorkNumberLesson5 */;
			targetProxy = 84ED563D196EBE3000945B91 /* PBXContainerItemProxy */;
		};
/* End PBXTargetDependency section */

/* Begin PBXVariantGroup section */
		84ED5629196EBE3000945B91 /* InfoPlist.strings */ = {
			isa = PBXVariantGroup;
			children = (
				84ED562A196EBE3000945B91 /* en */,
			);
			name = InfoPlist.strings;
			sourceTree = "<group>";
		};
		84ED5642196EBE3000945B91 /* InfoPlist.strings */ = {
			isa = PBXVariantGroup;
			children = (
				84ED5643196EBE3000945B91 /* en */,
			);
			name = InfoPlist.strings;
			sourceTree = "<group>";
		};
/* End PBXVariantGroup section */

/* Begin XCBuildConfiguration section */
		84ED5647196EBE3000945B91 /* Debug */ = {
			isa = XCBuildConfiguration;
			buildSettings = {
				ALWAYS_SEARCH_USER_PATHS = NO;
				CLANG_CXX_LANGUAGE_STANDARD = "gnu++0x";
				CLANG_CXX_LIBRARY = "libc++";
				CLANG_ENABLE_MODULES = YES;
				CLANG_ENABLE_OBJC_ARC = YES;
				CLANG_WARN_BOOL_CONVERSION = YES;
				CLANG_WARN_CONSTANT_CONVERSION = YES;
				CLANG_WARN_DIRECT_OBJC_ISA_USAGE = YES_ERROR;
				CLANG_WARN_EMPTY_BODY = YES;
				CLANG_WARN_ENUM_CONVERSION = YES;
				CLANG_WARN_INT_CONVERSION = YES;
				CLANG_WARN_OBJC_ROOT_CLASS = YES_ERROR;
				CLANG_WARN__DUPLICATE_METHOD_MATCH = YES;
				"CODE_SIGN_IDENTITY[sdk=iphoneos*]" = "iPhone Developer";
				COPY_PHASE_STRIP = NO;
				GCC_C_LANGUAGE_STANDARD = gnu99;
				GCC_DYNAMIC_NO_PIC = NO;
				GCC_OPTIMIZATION_LEVEL = 0;
				GCC_PREPROCESSOR_DEFINITIONS = (
					"DEBUG=1",
					"$(inherited)",
				);
				GCC_SYMBOLS_PRIVATE_EXTERN = NO;
				GCC_WARN_64_TO_32_BIT_CONVERSION = YES;
				GCC_WARN_ABOUT_RETURN_TYPE = YES_ERROR;
				GCC_WARN_UNDECLARED_SELECTOR = YES;
				GCC_WARN_UNINITIALIZED_AUTOS = YES_AGGRESSIVE;
				GCC_WARN_UNUSED_FUNCTION = YES;
				GCC_WARN_UNUSED_VARIABLE = YES;
				IPHONEOS_DEPLOYMENT_TARGET = 7.1;
				ONLY_ACTIVE_ARCH = YES;
				SDKROOT = iphoneos;
				TARGETED_DEVICE_FAMILY = "1,2";
			};
			name = Debug;
		};
		84ED5648196EBE3000945B91 /* Release */ = {
			isa = XCBuildConfiguration;
			buildSettings = {
				ALWAYS_SEARCH_USER_PATHS = NO;
				CLANG_CXX_LANGUAGE_STANDARD = "gnu++0x";
				CLANG_CXX_LIBRARY = "libc++";
				CLANG_ENABLE_MODULES = YES;
				CLANG_ENABLE_OBJC_ARC = YES;
				CLANG_WARN_BOOL_CONVERSION = YES;
				CLANG_WARN_CONSTANT_CONVERSION = YES;
				CLANG_WARN_DIRECT_OBJC_ISA_USAGE = YES_ERROR;
				CLANG_WARN_EMPTY_BODY = YES;
				CLANG_WARN_ENUM_CONVERSION = YES;
				CLANG_WARN_INT_CONVERSION = YES;
				CLANG_WARN_OBJC_ROOT_CLASS = YES_ERROR;
				CLANG_WARN__DUPLICATE_METHOD_MATCH = YES;
				"CODE_SIGN_IDENTITY[sdk=iphoneos*]" = "iPhone Developer";
				COPY_PHASE_STRIP = YES;
				ENABLE_NS_ASSERTIONS = NO;
				GCC_C_LANGUAGE_STANDARD = gnu99;
				GCC_WARN_64_TO_32_BIT_CONVERSION = YES;
				GCC_WARN_ABOUT_RETURN_TYPE = YES_ERROR;
				GCC_WARN_UNDECLARED_SELECTOR = YES;
				GCC_WARN_UNINITIALIZED_AUTOS = YES_AGGRESSIVE;
				GCC_WARN_UNUSED_FUNCTION = YES;
				GCC_WARN_UNUSED_VARIABLE = YES;
				IPHONEOS_DEPLOYMENT_TARGET = 7.1;
				SDKROOT = iphoneos;
				TARGETED_DEVICE_FAMILY = "1,2";
				VALIDATE_PRODUCT = YES;
			};
			name = Release;
		};
		84ED564A196EBE3000945B91 /* Debug */ = {
			isa = XCBuildConfiguration;
			buildSettings = {
				ASSETCATALOG_COMPILER_APPICON_NAME = AppIcon;
				ASSETCATALOG_COMPILER_LAUNCHIMAGE_NAME = LaunchImage;
				GCC_PRECOMPILE_PREFIX_HEADER = YES;
				GCC_PREFIX_HEADER = "HomeWorkNumberLesson5/HomeWorkNumberLesson5-Prefix.pch";
				INFOPLIST_FILE = "HomeWorkNumberLesson5/HomeWorkNumberLesson5-Info.plist";
				PRODUCT_NAME = "$(TARGET_NAME)";
				WRAPPER_EXTENSION = app;
			};
			name = Debug;
		};
		84ED564B196EBE3000945B91 /* Release */ = {
			isa = XCBuildConfiguration;
			buildSettings = {
				ASSETCATALOG_COMPILER_APPICON_NAME = AppIcon;
				ASSETCATALOG_COMPILER_LAUNCHIMAGE_NAME = LaunchImage;
				GCC_PRECOMPILE_PREFIX_HEADER = YES;
				GCC_PREFIX_HEADER = "HomeWorkNumberLesson5/HomeWorkNumberLesson5-Prefix.pch";
				INFOPLIST_FILE = "HomeWorkNumberLesson5/HomeWorkNumberLesson5-Info.plist";
				PRODUCT_NAME = "$(TARGET_NAME)";
				WRAPPER_EXTENSION = app;
			};
			name = Release;
		};
		84ED564D196EBE3000945B91 /* Debug */ = {
			isa = XCBuildConfiguration;
			buildSettings = {
				BUNDLE_LOADER = "$(BUILT_PRODUCTS_DIR)/HomeWorkNumberLesson5.app/HomeWorkNumberLesson5";
				FRAMEWORK_SEARCH_PATHS = (
					"$(SDKROOT)/Developer/Library/Frameworks",
					"$(inherited)",
					"$(DEVELOPER_FRAMEWORKS_DIR)",
				);
				GCC_PRECOMPILE_PREFIX_HEADER = YES;
				GCC_PREFIX_HEADER = "HomeWorkNumberLesson5/HomeWorkNumberLesson5-Prefix.pch";
				GCC_PREPROCESSOR_DEFINITIONS = (
					"DEBUG=1",
					"$(inherited)",
				);
				INFOPLIST_FILE = "HomeWorkNumberLesson5Tests/HomeWorkNumberLesson5Tests-Info.plist";
				PRODUCT_NAME = "$(TARGET_NAME)";
				TEST_HOST = "$(BUNDLE_LOADER)";
				WRAPPER_EXTENSION = xctest;
			};
			name = Debug;
		};
		84ED564E196EBE3000945B91 /* Release */ = {
			isa = XCBuildConfiguration;
			buildSettings = {
				BUNDLE_LOADER = "$(BUILT_PRODUCTS_DIR)/HomeWorkNumberLesson5.app/HomeWorkNumberLesson5";
				FRAMEWORK_SEARCH_PATHS = (
					"$(SDKROOT)/Developer/Library/Frameworks",
					"$(inherited)",
					"$(DEVELOPER_FRAMEWORKS_DIR)",
				);
				GCC_PRECOMPILE_PREFIX_HEADER = YES;
				GCC_PREFIX_HEADER = "HomeWorkNumberLesson5/HomeWorkNumberLesson5-Prefix.pch";
				INFOPLIST_FILE = "HomeWorkNumberLesson5Tests/HomeWorkNumberLesson5Tests-Info.plist";
				PRODUCT_NAME = "$(TARGET_NAME)";
				TEST_HOST = "$(BUNDLE_LOADER)";
				WRAPPER_EXTENSION = xctest;
			};
			name = Release;
		};
/* End XCBuildConfiguration section */

/* Begin XCConfigurationList section */
		84ED5618196EBE3000945B91 /* Build configuration list for PBXProject "HomeWorkNumberLesson5" */ = {
			isa = XCConfigurationList;
			buildConfigurations = (
				84ED5647196EBE3000945B91 /* Debug */,
				84ED5648196EBE3000945B91 /* Release */,
			);
			defaultConfigurationIsVisible = 0;
			defaultConfigurationName = Release;
		};
		84ED5649196EBE3000945B91 /* Build configuration list for PBXNativeTarget "HomeWorkNumberLesson5" */ = {
			isa = XCConfigurationList;
			buildConfigurations = (
				84ED564A196EBE3000945B91 /* Debug */,
				84ED564B196EBE3000945B91 /* Release */,
			);
			defaultConfigurationIsVisible = 0;
		};
		84ED564C196EBE3000945B91 /* Build configuration list for PBXNativeTarget "HomeWorkNumberLesson5Tests" */ = {
			isa = XCConfigurationList;
			buildConfigurations = (
				84ED564D196EBE3000945B91 /* Debug */,
				84ED564E196EBE3000945B91 /* Release */,
			);
			defaultConfigurationIsVisible = 0;
		};
/* End XCConfigurationList section */
	};
	rootObject = 84ED5615196EBE3000945B91 /* Project object */;
}
